
Microsoft Visual Studio Solution File, Format Version 10.00
# Visual Studio 2008
Project("{FAE04EC0-301F-11D3-BF4B-00C04F79EFBC}") = "Vision Assistant.2008", "Vision Assistant.2008.csproj", "{07D8644A-E884-4961-A7CF-A941711459BE}"
EndProject
Global
	GlobalSection(SolutionConfigurationPlatforms) = preSolution
		Debug|Any CPU = Debug|Any CPU
		Release|Any CPU = Release|Any CPU
	EndGlobalSection
	GlobalSection(ProjectConfigurationPlatforms) = postSolution
		{07D8644A-E884-4961-A7CF-A941711459BE}.Debug|Any CPU.ActiveCfg = Debug|Any CPU
		{07D8644A-E884-4961-A7CF-A941711459BE}.Debug|Any CPU.Build.0 = Debug|Any CPU
		{07D8644A-E884-4961-A7CF-A941711459BE}.Release|Any CPU.ActiveCfg = Release|Any CPU
		{07D8644A-E884-4961-A7CF-A941711459BE}.Release|Any CPU.Build.0 = Release|Any CPU
	EndGlobalSection
	GlobalSection(SolutionProperties) = preSolution
		HideSolutionNode = FALSE
	EndGlobalSection
EndGlobal
